{
  "name": "backend",
  "lockfileVersion": 3,
  "requires": true,
  "packages": {
    "": {
      "devDependencies": {
        "@types/estree": "^1.0.7",
        "@types/jasmine": "^5.1.7"
      }
    },
    "node_modules/@types/estree": {
      "version": "1.0.7",
      "resolved": "https://registry.npmjs.org/@types/estree/-/estree-1.0.7.tgz",
      "integrity": "sha512-w28IoSUCJpidD/TGviZwwMJckNESJZXFu7NBZ5YJ4mEUnNraUn9Pm8HSZm/jDF1pDWYKspWE7oVphigUPRakIQ==",
      "dev": true,
      "license": "MIT"
    },
    "node_modules/@types/jasmine": {
      "version": "5.1.7",
      "resolved": "https://registry.npmjs.org/@types/jasmine/-/jasmine-5.1.7.tgz",
      "integrity": "sha512-DVOfk9FaClQfNFpSfaML15jjB5cjffDMvjtph525sroR5BEAW2uKnTOYUTqTFuZFjNvH0T5XMIydvIctnUKufw==",
      "dev": true,
      "license": "MIT"
    }
  }
}
